// !$*UTF8*$!
{
	archiveVersion = 1;
	classes = {
	};
	objectVersion = 46;
	objects = {

/* Begin PBXBuildFile section */
		4E6AF2E91B3737A800E671EA /* EsportesTableViewController.swift in Sources */ = {isa = PBXBuildFile; fileRef = 4E6AF2E81B3737A800E671EA /* EsportesTableViewController.swift */; };
		4E6AF2EB1B37390000E671EA /* EsportesViewController.swift in Sources */ = {isa = PBXBuildFile; fileRef = 4E6AF2EA1B37390000E671EA /* EsportesViewController.swift */; };
		4E9130061B2F4B710023C73C /* AppDelegate.swift in Sources */ = {isa = PBXBuildFile; fileRef = 4E9130051B2F4B710023C73C /* AppDelegate.swift */; };
		4E91300D1B2F4B710023C73C /* Main.storyboard in Resources */ = {isa = PBXBuildFile; fileRef = 4E91300B1B2F4B710023C73C /* Main.storyboard */; };
		4E91300F1B2F4B710023C73C /* Images.xcassets in Resources */ = {isa = PBXBuildFile; fileRef = 4E91300E1B2F4B710023C73C /* Images.xcassets */; };
		4E9130121B2F4B710023C73C /* LaunchScreen.xib in Resources */ = {isa = PBXBuildFile; fileRef = 4E9130101B2F4B710023C73C /* LaunchScreen.xib */; };
		4E91301E1B2F4B710023C73C /* WchairTests.swift in Sources */ = {isa = PBXBuildFile; fileRef = 4E91301D1B2F4B710023C73C /* WchairTests.swift */; };
		4E9130281B2F55B00023C73C /* GuiaTableViewController.swift in Sources */ = {isa = PBXBuildFile; fileRef = 4E9130271B2F55B00023C73C /* GuiaTableViewController.swift */; };
		4E91302A1B2F55FB0023C73C /* GuiaTableViewCell.swift in Sources */ = {isa = PBXBuildFile; fileRef = 4E9130291B2F55FB0023C73C /* GuiaTableViewCell.swift */; };
		4E91302C1B2F56E80023C73C /* GuiaViewController.swift in Sources */ = {isa = PBXBuildFile; fileRef = 4E91302B1B2F56E80023C73C /* GuiaViewController.swift */; };
		4E9130351B2F686A0023C73C /* Model.xcdatamodeld in Sources */ = {isa = PBXBuildFile; fileRef = 4E9130331B2F686A0023C73C /* Model.xcdatamodeld */; };
		4E9130371B2F6AB00023C73C /* Equipamento.swift in Sources */ = {isa = PBXBuildFile; fileRef = 4E9130361B2F6AB00023C73C /* Equipamento.swift */; };
		4E9130391B2F6AB10023C73C /* Local.swift in Sources */ = {isa = PBXBuildFile; fileRef = 4E9130381B2F6AB10023C73C /* Local.swift */; };
		4E91303B1B2F6AB10023C73C /* Usuario.swift in Sources */ = {isa = PBXBuildFile; fileRef = 4E91303A1B2F6AB10023C73C /* Usuario.swift */; };
		4E91303D1B2F6AB10023C73C /* Exercicio.swift in Sources */ = {isa = PBXBuildFile; fileRef = 4E91303C1B2F6AB10023C73C /* Exercicio.swift */; };
		4E9130401B2F7E340023C73C /* Esporte.swift in Sources */ = {isa = PBXBuildFile; fileRef = 4E91303F1B2F7E340023C73C /* Esporte.swift */; };
		4E9130421B31FA1D0023C73C /* ExercicioViewController.swift in Sources */ = {isa = PBXBuildFile; fileRef = 4E9130411B31FA1D0023C73C /* ExercicioViewController.swift */; };
		4E91304A1B36631F0023C73C /* TipoExercicioTableViewController.swift in Sources */ = {isa = PBXBuildFile; fileRef = 4E9130491B36631F0023C73C /* TipoExercicioTableViewController.swift */; };
		4E91304C1B366BD20023C73C /* TipoTableViewCell.swift in Sources */ = {isa = PBXBuildFile; fileRef = 4E91304B1B366BD20023C73C /* TipoTableViewCell.swift */; };
/* End PBXBuildFile section */

/* Begin PBXContainerItemProxy section */
		4E9130181B2F4B710023C73C /* PBXContainerItemProxy */ = {
			isa = PBXContainerItemProxy;
			containerPortal = 4E912FF81B2F4B710023C73C /* Project object */;
			proxyType = 1;
			remoteGlobalIDString = 4E912FFF1B2F4B710023C73C;
			remoteInfo = Wchair;
		};
/* End PBXContainerItemProxy section */

/* Begin PBXFileReference section */
		4E6AF2E81B3737A800E671EA /* EsportesTableViewController.swift */ = {isa = PBXFileReference; fileEncoding = 4; lastKnownFileType = sourcecode.swift; path = EsportesTableViewController.swift; sourceTree = "<group>"; };
		4E6AF2EA1B37390000E671EA /* EsportesViewController.swift */ = {isa = PBXFileReference; fileEncoding = 4; lastKnownFileType = sourcecode.swift; path = EsportesViewController.swift; sourceTree = "<group>"; };
		4E9130001B2F4B710023C73C /* Wchair.app */ = {isa = PBXFileReference; explicitFileType = wrapper.application; includeInIndex = 0; path = Wchair.app; sourceTree = BUILT_PRODUCTS_DIR; };
		4E9130041B2F4B710023C73C /* Info.plist */ = {isa = PBXFileReference; lastKnownFileType = text.plist.xml; path = Info.plist; sourceTree = "<group>"; };
		4E9130051B2F4B710023C73C /* AppDelegate.swift */ = {isa = PBXFileReference; lastKnownFileType = sourcecode.swift; path = AppDelegate.swift; sourceTree = "<group>"; };
		4E91300C1B2F4B710023C73C /* Base */ = {isa = PBXFileReference; lastKnownFileType = file.storyboard; name = Base; path = Base.lproj/Main.storyboard; sourceTree = "<group>"; };
		4E91300E1B2F4B710023C73C /* Images.xcassets */ = {isa = PBXFileReference; lastKnownFileType = folder.assetcatalog; path = Images.xcassets; sourceTree = "<group>"; };
		4E9130111B2F4B710023C73C /* Base */ = {isa = PBXFileReference; lastKnownFileType = file.xib; name = Base; path = Base.lproj/LaunchScreen.xib; sourceTree = "<group>"; };
		4E9130171B2F4B710023C73C /* WchairTests.xctest */ = {isa = PBXFileReference; explicitFileType = wrapper.cfbundle; includeInIndex = 0; path = WchairTests.xctest; sourceTree = BUILT_PRODUCTS_DIR; };
		4E91301C1B2F4B710023C73C /* Info.plist */ = {isa = PBXFileReference; lastKnownFileType = text.plist.xml; path = Info.plist; sourceTree = "<group>"; };
		4E91301D1B2F4B710023C73C /* WchairTests.swift */ = {isa = PBXFileReference; lastKnownFileType = sourcecode.swift; path = WchairTests.swift; sourceTree = "<group>"; };
		4E9130271B2F55B00023C73C /* GuiaTableViewController.swift */ = {isa = PBXFileReference; fileEncoding = 4; lastKnownFileType = sourcecode.swift; path = GuiaTableViewController.swift; sourceTree = "<group>"; };
		4E9130291B2F55FB0023C73C /* GuiaTableViewCell.swift */ = {isa = PBXFileReference; fileEncoding = 4; lastKnownFileType = sourcecode.swift; path = GuiaTableViewCell.swift; sourceTree = "<group>"; };
		4E91302B1B2F56E80023C73C /* GuiaViewController.swift */ = {isa = PBXFileReference; fileEncoding = 4; lastKnownFileType = sourcecode.swift; path = GuiaViewController.swift; sourceTree = "<group>"; };
		4E9130341B2F686A0023C73C /* Model.xcdatamodel */ = {isa = PBXFileReference; lastKnownFileType = wrapper.xcdatamodel; path = Model.xcdatamodel; sourceTree = "<group>"; };
		4E9130361B2F6AB00023C73C /* Equipamento.swift */ = {isa = PBXFileReference; fileEncoding = 4; lastKnownFileType = sourcecode.swift; path = Equipamento.swift; sourceTree = "<group>"; };
		4E9130381B2F6AB10023C73C /* Local.swift */ = {isa = PBXFileReference; fileEncoding = 4; lastKnownFileType = sourcecode.swift; path = Local.swift; sourceTree = "<group>"; };
		4E91303A1B2F6AB10023C73C /* Usuario.swift */ = {isa = PBXFileReference; fileEncoding = 4; lastKnownFileType = sourcecode.swift; path = Usuario.swift; sourceTree = "<group>"; };
		4E91303C1B2F6AB10023C73C /* Exercicio.swift */ = {isa = PBXFileReference; fileEncoding = 4; lastKnownFileType = sourcecode.swift; path = Exercicio.swift; sourceTree = "<group>"; };
		4E91303F1B2F7E340023C73C /* Esporte.swift */ = {isa = PBXFileReference; fileEncoding = 4; lastKnownFileType = sourcecode.swift; path = Esporte.swift; sourceTree = "<group>"; };
		4E9130411B31FA1D0023C73C /* ExercicioViewController.swift */ = {isa = PBXFileReference; fileEncoding = 4; lastKnownFileType = sourcecode.swift; path = ExercicioViewController.swift; sourceTree = "<group>"; };
		4E9130491B36631F0023C73C /* TipoExercicioTableViewController.swift */ = {isa = PBXFileReference; fileEncoding = 4; lastKnownFileType = sourcecode.swift; path = TipoExercicioTableViewController.swift; sourceTree = "<group>"; };
		4E91304B1B366BD20023C73C /* TipoTableViewCell.swift */ = {isa = PBXFileReference; fileEncoding = 4; lastKnownFileType = sourcecode.swift; path = TipoTableViewCell.swift; sourceTree = "<group>"; };
/* End PBXFileReference section */

/* Begin PBXFrameworksBuildPhase section */
		4E912FFD1B2F4B710023C73C /* Frameworks */ = {
			isa = PBXFrameworksBuildPhase;
			buildActionMask = 2147483647;
			files = (
			);
			runOnlyForDeploymentPostprocessing = 0;
		};
		4E9130141B2F4B710023C73C /* Frameworks */ = {
			isa = PBXFrameworksBuildPhase;
			buildActionMask = 2147483647;
			files = (
			);
			runOnlyForDeploymentPostprocessing = 0;
		};
/* End PBXFrameworksBuildPhase section */

/* Begin PBXGroup section */
		4E912FF71B2F4B710023C73C = {
			isa = PBXGroup;
			children = (
				4E9130021B2F4B710023C73C /* Wchair */,
				4E91301A1B2F4B710023C73C /* WchairTests */,
				4E9130011B2F4B710023C73C /* Products */,
			);
			sourceTree = "<group>";
		};
		4E9130011B2F4B710023C73C /* Products */ = {
			isa = PBXGroup;
			children = (
				4E9130001B2F4B710023C73C /* Wchair.app */,
				4E9130171B2F4B710023C73C /* WchairTests.xctest */,
			);
			name = Products;
			sourceTree = "<group>";
		};
		4E9130021B2F4B710023C73C /* Wchair */ = {
			isa = PBXGroup;
			children = (
				4E9130271B2F55B00023C73C /* GuiaTableViewController.swift */,
				4E9130051B2F4B710023C73C /* AppDelegate.swift */,
				4E9130491B36631F0023C73C /* TipoExercicioTableViewController.swift */,
				4E91302B1B2F56E80023C73C /* GuiaViewController.swift */,
				4E9130411B31FA1D0023C73C /* ExercicioViewController.swift */,
				4E6AF2E81B3737A800E671EA /* EsportesTableViewController.swift */,
				4E6AF2EA1B37390000E671EA /* EsportesViewController.swift */,
				4E91304D1B3671560023C73C /* VIew */,
				4E91303E1B2F6AB80023C73C /* Model */,
				4E9130031B2F4B710023C73C /* Supporting Files */,
			);
			path = Wchair;
			sourceTree = "<group>";
		};
		4E9130031B2F4B710023C73C /* Supporting Files */ = {
			isa = PBXGroup;
			children = (
				4E9130041B2F4B710023C73C /* Info.plist */,
			);
			name = "Supporting Files";
			sourceTree = "<group>";
		};
		4E91301A1B2F4B710023C73C /* WchairTests */ = {
			isa = PBXGroup;
			children = (
				4E91301D1B2F4B710023C73C /* WchairTests.swift */,
				4E91301B1B2F4B710023C73C /* Supporting Files */,
			);
			path = WchairTests;
			sourceTree = "<group>";
		};
		4E91301B1B2F4B710023C73C /* Supporting Files */ = {
			isa = PBXGroup;
			children = (
				4E91301C1B2F4B710023C73C /* Info.plist */,
			);
			name = "Supporting Files";
			sourceTree = "<group>";
		};
		4E91303E1B2F6AB80023C73C /* Model */ = {
			isa = PBXGroup;
			children = (
				4E9130331B2F686A0023C73C /* Model.xcdatamodeld */,
				4E91303F1B2F7E340023C73C /* Esporte.swift */,
				4E91303C1B2F6AB10023C73C /* Exercicio.swift */,
				4E91303A1B2F6AB10023C73C /* Usuario.swift */,
				4E9130381B2F6AB10023C73C /* Local.swift */,
				4E9130361B2F6AB00023C73C /* Equipamento.swift */,
			);
			name = Model;
			sourceTree = "<group>";
		};
		4E91304D1B3671560023C73C /* VIew */ = {
			isa = PBXGroup;
			children = (
				4E9130101B2F4B710023C73C /* LaunchScreen.xib */,
				4E91300E1B2F4B710023C73C /* Images.xcassets */,
				4E9130291B2F55FB0023C73C /* GuiaTableViewCell.swift */,
				4E91304B1B366BD20023C73C /* TipoTableViewCell.swift */,
				4E91300B1B2F4B710023C73C /* Main.storyboard */,
			);
			name = VIew;
			sourceTree = "<group>";
		};
/* End PBXGroup section */

/* Begin PBXNativeTarget section */
		4E912FFF1B2F4B710023C73C /* Wchair */ = {
			isa = PBXNativeTarget;
			buildConfigurationList = 4E9130211B2F4B710023C73C /* Build configuration list for PBXNativeTarget "Wchair" */;
			buildPhases = (
				4E912FFC1B2F4B710023C73C /* Sources */,
				4E912FFD1B2F4B710023C73C /* Frameworks */,
				4E912FFE1B2F4B710023C73C /* Resources */,
			);
			buildRules = (
			);
			dependencies = (
			);
			name = Wchair;
			productName = Wchair;
			productReference = 4E9130001B2F4B710023C73C /* Wchair.app */;
			productType = "com.apple.product-type.application";
		};
		4E9130161B2F4B710023C73C /* WchairTests */ = {
			isa = PBXNativeTarget;
			buildConfigurationList = 4E9130241B2F4B710023C73C /* Build configuration list for PBXNativeTarget "WchairTests" */;
			buildPhases = (
				4E9130131B2F4B710023C73C /* Sources */,
				4E9130141B2F4B710023C73C /* Frameworks */,
				4E9130151B2F4B710023C73C /* Resources */,
			);
			buildRules = (
			);
			dependencies = (
				4E9130191B2F4B710023C73C /* PBXTargetDependency */,
			);
			name = WchairTests;
			productName = WchairTests;
			productReference = 4E9130171B2F4B710023C73C /* WchairTests.xctest */;
			productType = "com.apple.product-type.bundle.unit-test";
		};
/* End PBXNativeTarget section */

/* Begin PBXProject section */
		4E912FF81B2F4B710023C73C /* Project object */ = {
			isa = PBXProject;
			attributes = {
				LastSwiftUpdateCheck = 0700;
				LastUpgradeCheck = 0630;
				ORGANIZATIONNAME = Bepid;
				TargetAttributes = {
					4E912FFF1B2F4B710023C73C = {
						CreatedOnToolsVersion = 6.3.2;
					};
					4E9130161B2F4B710023C73C = {
						CreatedOnToolsVersion = 6.3.2;
						TestTargetID = 4E912FFF1B2F4B710023C73C;
					};
				};
			};
			buildConfigurationList = 4E912FFB1B2F4B710023C73C /* Build configuration list for PBXProject "Wchair" */;
			compatibilityVersion = "Xcode 3.2";
			developmentRegion = English;
			hasScannedForEncodings = 0;
			knownRegions = (
				en,
				Base,
			);
			mainGroup = 4E912FF71B2F4B710023C73C;
			productRefGroup = 4E9130011B2F4B710023C73C /* Products */;
			projectDirPath = "";
			projectRoot = "";
			targets = (
				4E912FFF1B2F4B710023C73C /* Wchair */,
				4E9130161B2F4B710023C73C /* WchairTests */,
			);
		};
/* End PBXProject section */

/* Begin PBXResourcesBuildPhase section */
		4E912FFE1B2F4B710023C73C /* Resources */ = {
			isa = PBXResourcesBuildPhase;
			buildActionMask = 2147483647;
			files = (
				4E91300D1B2F4B710023C73C /* Main.storyboard in Resources */,
				4E9130121B2F4B710023C73C /* LaunchScreen.xib in Resources */,
				4E91300F1B2F4B710023C73C /* Images.xcassets in Resources */,
			);
			runOnlyForDeploymentPostprocessing = 0;
		};
		4E9130151B2F4B710023C73C /* Resources */ = {
			isa = PBXResourcesBuildPhase;
			buildActionMask = 2147483647;
			files = (
			);
			runOnlyForDeploymentPostprocessing = 0;
		};
/* End PBXResourcesBuildPhase section */

/* Begin PBXSourcesBuildPhase section */
		4E912FFC1B2F4B710023C73C /* Sources */ = {
			isa = PBXSourcesBuildPhase;
			buildActionMask = 2147483647;
			files = (
				4E91303B1B2F6AB10023C73C /* Usuario.swift in Sources */,
				4E9130351B2F686A0023C73C /* Model.xcdatamodeld in Sources */,
				4E6AF2E91B3737A800E671EA /* EsportesTableViewController.swift in Sources */,
				4E9130401B2F7E340023C73C /* Esporte.swift in Sources */,
				4E91302C1B2F56E80023C73C /* GuiaViewController.swift in Sources */,
				4E91304A1B36631F0023C73C /* TipoExercicioTableViewController.swift in Sources */,
				4E91304C1B366BD20023C73C /* TipoTableViewCell.swift in Sources */,
				4E9130391B2F6AB10023C73C /* Local.swift in Sources */,
				4E91303D1B2F6AB10023C73C /* Exercicio.swift in Sources */,
				4E9130061B2F4B710023C73C /* AppDelegate.swift in Sources */,
				4E91302A1B2F55FB0023C73C /* GuiaTableViewCell.swift in Sources */,
				4E6AF2EB1B37390000E671EA /* EsportesViewController.swift in Sources */,
				4E9130371B2F6AB00023C73C /* Equipamento.swift in Sources */,
				4E9130281B2F55B00023C73C /* GuiaTableViewController.swift in Sources */,
				4E9130421B31FA1D0023C73C /* ExercicioViewController.swift in Sources */,
			);
			runOnlyForDeploymentPostprocessing = 0;
		};
		4E9130131B2F4B710023C73C /* Sources */ = {
			isa = PBXSourcesBuildPhase;
			buildActionMask = 2147483647;
			files = (
				4E91301E1B2F4B710023C73C /* WchairTests.swift in Sources */,
			);
			runOnlyForDeploymentPostprocessing = 0;
		};
/* End PBXSourcesBuildPhase section */

/* Begin PBXTargetDependency section */
		4E9130191B2F4B710023C73C /* PBXTargetDependency */ = {
			isa = PBXTargetDependency;
			target = 4E912FFF1B2F4B710023C73C /* Wchair */;
			targetProxy = 4E9130181B2F4B710023C73C /* PBXContainerItemProxy */;
		};
/* End PBXTargetDependency section */

/* Begin PBXVariantGroup section */
		4E91300B1B2F4B710023C73C /* Main.storyboard */ = {
			isa = PBXVariantGroup;
			children = (
				4E91300C1B2F4B710023C73C /* Base */,
			);
			name = Main.storyboard;
			sourceTree = "<group>";
		};
		4E9130101B2F4B710023C73C /* LaunchScreen.xib */ = {
			isa = PBXVariantGroup;
			children = (
				4E9130111B2F4B710023C73C /* Base */,
			);
			name = LaunchScreen.xib;
			sourceTree = "<group>";
		};
/* End PBXVariantGroup section */

/* Begin XCBuildConfiguration section */
		4E91301F1B2F4B710023C73C /* Debug */ = {
			isa = XCBuildConfiguration;
			buildSettings = {
				ALWAYS_SEARCH_USER_PATHS = NO;
				CLANG_CXX_LANGUAGE_STANDARD = "gnu++0x";
				CLANG_CXX_LIBRARY = "libc++";
				CLANG_ENABLE_MODULES = YES;
				CLANG_ENABLE_OBJC_ARC = YES;
				CLANG_WARN_BOOL_CONVERSION = YES;
				CLANG_WARN_CONSTANT_CONVERSION = YES;
				CLANG_WARN_DIRECT_OBJC_ISA_USAGE = YES_ERROR;
				CLANG_WARN_EMPTY_BODY = YES;
				CLANG_WARN_ENUM_CONVERSION = YES;
				CLANG_WARN_INT_CONVERSION = YES;
				CLANG_WARN_OBJC_ROOT_CLASS = YES_ERROR;
				CLANG_WARN_UNREACHABLE_CODE = YES;
				CLANG_WARN__DUPLICATE_METHOD_MATCH = YES;
				"CODE_SIGN_IDENTITY[sdk=iphoneos*]" = "iPhone Developer";
				COPY_PHASE_STRIP = NO;
				DEBUG_INFORMATION_FORMAT = "dwarf-with-dsym";
				ENABLE_STRICT_OBJC_MSGSEND = YES;
				GCC_C_LANGUAGE_STANDARD = gnu99;
				GCC_DYNAMIC_NO_PIC = NO;
				GCC_NO_COMMON_BLOCKS = YES;
				GCC_OPTIMIZATION_LEVEL = 0;
				GCC_PREPROCESSOR_DEFINITIONS = (
					"DEBUG=1",
					"$(inherited)",
				);
				GCC_SYMBOLS_PRIVATE_EXTERN = NO;
				GCC_WARN_64_TO_32_BIT_CONVERSION = YES;
				GCC_WARN_ABOUT_RETURN_TYPE = YES_ERROR;
				GCC_WARN_UNDECLARED_SELECTOR = YES;
				GCC_WARN_UNINITIALIZED_AUTOS = YES_AGGRESSIVE;
				GCC_WARN_UNUSED_FUNCTION = YES;
				GCC_WARN_UNUSED_VARIABLE = YES;
				IPHONEOS_DEPLOYMENT_TARGET = 8.3;
				MTL_ENABLE_DEBUG_INFO = YES;
				ONLY_ACTIVE_ARCH = YES;
				SDKROOT = iphoneos;
				SWIFT_OPTIMIZATION_LEVEL = "-Onone";
				TARGETED_DEVICE_FAMILY = "1,2";
			};
			name = Debug;
		};
		4E9130201B2F4B710023C73C /* Release */ = {
			isa = XCBuildConfiguration;
			buildSettings = {
				ALWAYS_SEARCH_USER_PATHS = NO;
				CLANG_CXX_LANGUAGE_STANDARD = "gnu++0x";
				CLANG_CXX_LIBRARY = "libc++";
				CLANG_ENABLE_MODULES = YES;
				CLANG_ENABLE_OBJC_ARC = YES;
				CLANG_WARN_BOOL_CONVERSION = YES;
				CLANG_WARN_CONSTANT_CONVERSION = YES;
				CLANG_WARN_DIRECT_OBJC_ISA_USAGE = YES_ERROR;
				CLANG_WARN_EMPTY_BODY = YES;
				CLANG_WARN_ENUM_CONVERSION = YES;
				CLANG_WARN_INT_CONVERSION = YES;
				CLANG_WARN_OBJC_ROOT_CLASS = YES_ERROR;
				CLANG_WARN_UNREACHABLE_CODE = YES;
				CLANG_WARN__DUPLICATE_METHOD_MATCH = YES;
				"CODE_SIGN_IDENTITY[sdk=iphoneos*]" = "iPhone Developer";
				COPY_PHASE_STRIP = NO;
				DEBUG_INFORMATION_FORMAT = "dwarf-with-dsym";
				ENABLE_NS_ASSERTIONS = NO;
				ENABLE_STRICT_OBJC_MSGSEND = YES;
				GCC_C_LANGUAGE_STANDARD = gnu99;
				GCC_NO_COMMON_BLOCKS = YES;
				GCC_WARN_64_TO_32_BIT_CONVERSION = YES;
				GCC_WARN_ABOUT_RETURN_TYPE = YES_ERROR;
				GCC_WARN_UNDECLARED_SELECTOR = YES;
				GCC_WARN_UNINITIALIZED_AUTOS = YES_AGGRESSIVE;
				GCC_WARN_UNUSED_FUNCTION = YES;
				GCC_WARN_UNUSED_VARIABLE = YES;
				IPHONEOS_DEPLOYMENT_TARGET = 8.3;
				MTL_ENABLE_DEBUG_INFO = NO;
				SDKROOT = iphoneos;
				TARGETED_DEVICE_FAMILY = "1,2";
				VALIDATE_PRODUCT = YES;
			};
			name = Release;
		};
		4E9130221B2F4B710023C73C /* Debug */ = {
			isa = XCBuildConfiguration;
			buildSettings = {
				ASSETCATALOG_COMPILER_APPICON_NAME = AppIcon;
				INFOPLIST_FILE = Wchair/Info.plist;
				LD_RUNPATH_SEARCH_PATHS = "$(inherited) @executable_path/Frameworks";
				PRODUCT_NAME = "$(TARGET_NAME)";
			};
			name = Debug;
		};
		4E9130231B2F4B710023C73C /* Release */ = {
			isa = XCBuildConfiguration;
			buildSettings = {
				ASSETCATALOG_COMPILER_APPICON_NAME = AppIcon;
				INFOPLIST_FILE = Wchair/Info.plist;
				LD_RUNPATH_SEARCH_PATHS = "$(inherited) @executable_path/Frameworks";
				PRODUCT_NAME = "$(TARGET_NAME)";
			};
			name = Release;
		};
		4E9130251B2F4B710023C73C /* Debug */ = {
			isa = XCBuildConfiguration;
			buildSettings = {
				BUNDLE_LOADER = "$(TEST_HOST)";
				FRAMEWORK_SEARCH_PATHS = (
					"$(SDKROOT)/Developer/Library/Frameworks",
					"$(inherited)",
				);
				GCC_PREPROCESSOR_DEFINITIONS = (
					"DEBUG=1",
					"$(inherited)",
				);
				INFOPLIST_FILE = WchairTests/Info.plist;
				LD_RUNPATH_SEARCH_PATHS = "$(inherited) @executable_path/Frameworks @loader_path/Frameworks";
				PRODUCT_NAME = "$(TARGET_NAME)";
				TEST_HOST = "$(BUILT_PRODUCTS_DIR)/Wchair.app/Wchair";
			};
			name = Debug;
		};
		4E9130261B2F4B710023C73C /* Release */ = {
			isa = XCBuildConfiguration;
			buildSettings = {
				BUNDLE_LOADER = "$(TEST_HOST)";
				FRAMEWORK_SEARCH_PATHS = (
					"$(SDKROOT)/Developer/Library/Frameworks",
					"$(inherited)",
				);
				INFOPLIST_FILE = WchairTests/Info.plist;
				LD_RUNPATH_SEARCH_PATHS = "$(inherited) @executable_path/Frameworks @loader_path/Frameworks";
				PRODUCT_NAME = "$(TARGET_NAME)";
				TEST_HOST = "$(BUILT_PRODUCTS_DIR)/Wchair.app/Wchair";
			};
			name = Release;
		};
/* End XCBuildConfiguration section */

/* Begin XCConfigurationList section */
		4E912FFB1B2F4B710023C73C /* Build configuration list for PBXProject "Wchair" */ = {
			isa = XCConfigurationList;
			buildConfigurations = (
				4E91301F1B2F4B710023C73C /* Debug */,
				4E9130201B2F4B710023C73C /* Release */,
			);
			defaultConfigurationIsVisible = 0;
			defaultConfigurationName = Release;
		};
		4E9130211B2F4B710023C73C /* Build configuration list for PBXNativeTarget "Wchair" */ = {
			isa = XCConfigurationList;
			buildConfigurations = (
				4E9130221B2F4B710023C73C /* Debug */,
				4E9130231B2F4B710023C73C /* Release */,
			);
			defaultConfigurationIsVisible = 0;
			defaultConfigurationName = Release;
		};
		4E9130241B2F4B710023C73C /* Build configuration list for PBXNativeTarget "WchairTests" */ = {
			isa = XCConfigurationList;
			buildConfigurations = (
				4E9130251B2F4B710023C73C /* Debug */,
				4E9130261B2F4B710023C73C /* Release */,
			);
			defaultConfigurationIsVisible = 0;
			defaultConfigurationName = Release;
		};
/* End XCConfigurationList section */

/* Begin XCVersionGroup section */
		4E9130331B2F686A0023C73C /* Model.xcdatamodeld */ = {
			isa = XCVersionGroup;
			children = (
				4E9130341B2F686A0023C73C /* Model.xcdatamodel */,
			);
			currentVersion = 4E9130341B2F686A0023C73C /* Model.xcdatamodel */;
			path = Model.xcdatamodeld;
			sourceTree = "<group>";
			versionGroupType = wrapper.xcdatamodel;
		};
/* End XCVersionGroup section */
	};
	rootObject = 4E912FF81B2F4B710023C73C /* Project object */;
}
